{
    "brick/math": {
        "version": "0.9.2"
    },
    "composer/package-versions-deprecated": {
        "version": "1.11.99.1"
    },
    "doctrine/annotations": {
        "version": "1.0",
        "recipe": {
            "repo": "github.com/symfony/recipes",
            "branch": "master",
            "version": "1.0",
            "ref": "a2759dd6123694c8d901d0ec80006e044c2e6457"
        },
        "files": [
            "config/routes/annotations.yaml"
        ]
    },
    "doctrine/cache": {
        "version": "1.10.2"
    },
    "doctrine/collections": {
        "version": "1.6.7"
    },
    "doctrine/common": {
        "version": "3.1.0"
    },
    "doctrine/data-fixtures": {
        "version": "1.5.0"
    },
    "doctrine/dbal": {
        "version": "2.12.1"
    },
    "doctrine/deprecations": {
        "version": "v0.5.3"
    },
    "doctrine/doctrine-bundle": {
        "version": "2.12",
        "recipe": {
            "repo": "github.com/symfony/recipes",
            "branch": "main",
            "version": "2.4",
            "ref": "cc62b7e9470998c640ee99d284a013a676f1fc5e"
        },
        "files": [
            "config/packages/doctrine.yaml",
            "src/Entity/.gitignore",
            "src/Repository/.gitignore"
        ]
    },
    "doctrine/doctrine-fixtures-bundle": {
        "version": "3.4",
        "recipe": {
            "repo": "github.com/symfony/recipes",
            "branch": "master",
            "version": "3.0",
            "ref": "1f5514cfa15b947298df4d771e694e578d4c204d"
        },
        "files": [
            "src/DataFixtures/AppFixtures.php"
        ]
    },
    "doctrine/doctrine-migrations-bundle": {
        "version": "3.3",
        "recipe": {
            "repo": "github.com/symfony/recipes",
            "branch": "main",
            "version": "3.1",
            "ref": "1d01ec03c6ecbd67c3375c5478c9a423ae5d6a33"
        },
        "files": [
            "config/packages/doctrine_migrations.yaml",
            "migrations/.gitignore"
        ]
    },
    "doctrine/event-manager": {
        "version": "1.1.1"
    },
    "doctrine/inflector": {
        "version": "2.0.3"
    },
    "doctrine/instantiator": {
        "version": "1.4.0"
    },
    "doctrine/lexer": {
        "version": "1.2.1"
    },
    "doctrine/migrations": {
        "version": "3.0.2"
    },
    "doctrine/orm": {
        "version": "2.8.1"
    },
    "doctrine/persistence": {
        "version": "2.1.0"
    },
    "doctrine/sql-formatter": {
        "version": "1.1.1"
    },
    "egulias/email-validator": {
        "version": "2.1.25"
    },
    "friendsofphp/proxy-manager-lts": {
        "version": "v1.0.1"
    },
    "knplabs/knp-components": {
        "version": "v3.0.2"
    },
    "knplabs/knp-menu": {
        "version": "v3.1.3"
    },
    "knplabs/knp-menu-bundle": {
        "version": "v3.1.0"
    },
    "knplabs/knp-paginator-bundle": {
        "version": "v5.4.2"
    },
    "laminas/laminas-code": {
        "version": "4.0.0"
    },
    "lcobucci/clock": {
        "version": "2.0.0"
    },
    "lcobucci/jwt": {
        "version": "4.1.4"
    },
    "lexik/jwt-authentication-bundle": {
        "version": "2.20",
        "recipe": {
            "repo": "github.com/symfony/recipes",
            "branch": "main",
            "version": "2.5",
            "ref": "e9481b233a11ef7e15fe055a2b21fd3ac1aa2bb7"
        },
        "files": [
            "config/packages/lexik_jwt_authentication.yaml"
        ]
    },
    "monolog/monolog": {
        "version": "1.26.0"
    },
    "namshi/jose": {
        "version": "7.2.3"
    },
    "nikic/php-parser": {
        "version": "v4.10.4"
    },
    "phpdocumentor/reflection-common": {
        "version": "2.2.0"
    },
    "phpdocumentor/reflection-docblock": {
        "version": "5.2.2"
    },
    "phpdocumentor/type-resolver": {
        "version": "1.4.0"
    },
    "phpstan/phpstan": {
        "version": "1.10",
        "recipe": {
            "repo": "github.com/symfony/recipes-contrib",
            "branch": "main",
            "version": "1.0",
            "ref": "5e490cc197fb6bb1ae22e5abbc531ddc633b6767"
        },
        "files": [
            "phpstan.dist.neon"
        ]
    },
    "psr/cache": {
        "version": "1.0.1"
    },
    "psr/container": {
        "version": "1.0.0"
    },
    "psr/event-dispatcher": {
        "version": "1.0.0"
    },
    "psr/link": {
        "version": "1.0.0"
    },
    "psr/log": {
        "version": "1.1.3"
    },
    "ramsey/collection": {
        "version": "1.1.3"
    },
    "ramsey/uuid": {
        "version": "4.1.1"
    },
    "sensio/framework-extra-bundle": {
        "version": "5.2",
        "recipe": {
            "repo": "github.com/symfony/recipes",
            "branch": "master",
            "version": "5.2",
            "ref": "fb7e19da7f013d0d422fa9bce16f5c510e27609b"
        },
        "files": [
            "config/packages/sensio_framework_extra.yaml"
        ]
    },
    "symfony/asset": {
        "version": "v4.4.18"
    },
    "symfony/browser-kit": {
        "version": "v4.4.18"
    },
    "symfony/cache": {
        "version": "v4.4.18"
    },
    "symfony/cache-contracts": {
        "version": "v2.2.0"
    },
    "symfony/config": {
        "version": "v4.4.18"
    },
    "symfony/console": {
        "version": "5.4",
        "recipe": {
            "repo": "github.com/symfony/recipes",
            "branch": "main",
            "version": "5.3",
            "ref": "1781ff40d8a17d87cf53f8d4cf0c8346ed2bb461"
        },
        "files": [
            "bin/console"
        ]
    },
    "symfony/css-selector": {
        "version": "v4.4.18"
    },
    "symfony/debug-bundle": {
        "version": "5.4",
        "recipe": {
            "repo": "github.com/symfony/recipes",
            "branch": "master",
            "version": "5.3",
            "ref": "5aa8aa48234c8eb6dbdd7b3cd5d791485d2cec4b"
        },
        "files": [
            "config/packages/debug.yaml"
        ]
    },
    "symfony/dependency-injection": {
        "version": "v4.4.18"
    },
    "symfony/deprecation-contracts": {
        "version": "v2.2.0"
    },
    "symfony/doctrine-bridge": {
        "version": "v4.4.18"
    },
    "symfony/dom-crawler": {
        "version": "v4.4.18"
    },
    "symfony/dotenv": {
        "version": "v4.4.18"
    },
    "symfony/error-handler": {
        "version": "v4.4.18"
    },
    "symfony/event-dispatcher": {
        "version": "v4.4.18"
    },
    "symfony/event-dispatcher-contracts": {
        "version": "v1.1.9"
    },
    "symfony/expression-language": {
        "version": "v4.4.18"
    },
    "symfony/filesystem": {
        "version": "v4.4.18"
    },
    "symfony/finder": {
        "version": "v4.4.18"
    },
    "symfony/flex": {
        "version": "1.21",
        "recipe": {
            "repo": "github.com/symfony/recipes",
            "branch": "main",
            "version": "1.0",
            "ref": "146251ae39e06a95be0fe3d13c807bcf3938b172"
        },
        "files": [
            ".env"
        ]
    },
    "symfony/form": {
        "version": "v4.4.18"
    },
    "symfony/framework-bundle": {
        "version": "5.4",
        "recipe": {
            "repo": "github.com/symfony/recipes",
            "branch": "master",
            "version": "5.4",
            "ref": "3cd216a4d007b78d8554d44a5b1c0a446dab24fb"
        },
        "files": [
            "config/packages/cache.yaml",
            "config/packages/framework.yaml",
            "config/preload.php",
            "config/routes/framework.yaml",
            "config/services.yaml",
            "public/index.php",
            "src/Controller/.gitignore",
            "src/Kernel.php"
        ]
    },
    "symfony/http-client": {
        "version": "v4.4.18"
    },
    "symfony/http-client-contracts": {
        "version": "v2.3.1"
    },
    "symfony/http-foundation": {
        "version": "v4.4.18"
    },
    "symfony/http-kernel": {
        "version": "v4.4.18"
    },
    "symfony/intl": {
        "version": "v4.4.18"
    },
    "symfony/mailer": {
        "version": "5.4",
        "recipe": {
            "repo": "github.com/symfony/recipes",
            "branch": "main",
            "version": "4.3",
            "ref": "df66ee1f226c46f01e85c29c2f7acce0596ba35a"
        },
        "files": [
            "config/packages/mailer.yaml"
        ]
    },
    "symfony/maker-bundle": {
        "version": "1.0",
        "recipe": {
            "repo": "github.com/symfony/recipes",
            "branch": "master",
            "version": "1.0",
            "ref": "fadbfe33303a76e25cb63401050439aa9b1a9c7f"
        }
    },
    "symfony/mime": {
        "version": "v4.4.18"
    },
    "symfony/monolog-bridge": {
        "version": "v4.4.18"
    },
    "symfony/monolog-bundle": {
        "version": "3.10",
        "recipe": {
            "repo": "github.com/symfony/recipes",
            "branch": "main",
            "version": "3.7",
            "ref": "aff23899c4440dd995907613c1dd709b6f59503f"
        },
        "files": [
            "config/packages/monolog.yaml"
        ]
    },
    "symfony/options-resolver": {
        "version": "v4.4.18"
    },
    "symfony/password-hasher": {
        "version": "v5.3.8"
    },
    "symfony/phpunit-bridge": {
        "version": "5.4",
        "recipe": {
            "repo": "github.com/symfony/recipes",
            "branch": "main",
            "version": "5.3",
            "ref": "07ce01a897311647520b43d4ddddad9537b99ba6"
        },
        "files": [
            ".env.test",
            "bin/phpunit",
            "phpunit.xml.dist",
            "tests/bootstrap.php"
        ]
    },
    "symfony/polyfill-intl-grapheme": {
        "version": "v1.23.1"
    },
    "symfony/polyfill-intl-icu": {
        "version": "v1.20.0"
    },
    "symfony/polyfill-intl-idn": {
        "version": "v1.20.0"
    },
    "symfony/polyfill-intl-normalizer": {
        "version": "v1.20.0"
    },
    "symfony/polyfill-mbstring": {
        "version": "v1.20.0"
    },
    "symfony/polyfill-php72": {
        "version": "v1.20.0"
    },
    "symfony/polyfill-php80": {
        "version": "v1.20.0"
    },
    "symfony/process": {
        "version": "v4.4.18"
    },
    "symfony/property-access": {
        "version": "v4.4.18"
    },
    "symfony/property-info": {
        "version": "v4.4.18"
    },
    "symfony/proxy-manager-bridge": {
        "version": "v4.4.18"
    },
    "symfony/routing": {
        "version": "5.4",
        "recipe": {
            "repo": "github.com/symfony/recipes",
            "branch": "master",
            "version": "5.3",
            "ref": "85de1d8ae45b284c3c84b668171d2615049e698f"
        },
        "files": [
            "config/packages/routing.yaml",
            "config/routes.yaml"
        ]
    },
    "symfony/runtime": {
        "version": "v5.3.11"
    },
    "symfony/security-bundle": {
        "version": "5.4",
        "recipe": {
            "repo": "github.com/symfony/recipes",
            "branch": "master",
            "version": "5.3",
            "ref": "98f1f2b0d635908c2b40f3675da2d23b1a069d30"
        },
        "files": [
            "config/packages/security.yaml"
        ]
    },
    "symfony/security-core": {
        "version": "v4.4.18"
    },
    "symfony/security-csrf": {
        "version": "v4.4.18"
    },
    "symfony/security-http": {
        "version": "v4.4.18"
    },
    "symfony/serializer": {
        "version": "v4.4.18"
    },
    "symfony/service-contracts": {
        "version": "v2.2.0"
    },
    "symfony/stopwatch": {
        "version": "v4.4.18"
    },
    "symfony/string": {
        "version": "v5.1.11"
    },
    "symfony/translation": {
        "version": "5.4",
        "recipe": {
            "repo": "github.com/symfony/recipes",
            "branch": "main",
            "version": "5.3",
            "ref": "e28e27f53663cc34f0be2837aba18e3a1bef8e7b"
        },
        "files": [
            "config/packages/translation.yaml",
            "translations/.gitignore"
        ]
    },
    "symfony/translation-contracts": {
        "version": "v2.3.0"
    },
    "symfony/twig-bridge": {
        "version": "v4.4.18"
    },
    "symfony/twig-bundle": {
        "version": "5.4",
        "recipe": {
            "repo": "github.com/symfony/recipes",
            "branch": "master",
            "version": "5.4",
            "ref": "bb2178c57eee79e6be0b297aa96fc0c0def81387"
        },
        "files": [
            "config/packages/twig.yaml",
            "templates/base.html.twig"
        ]
    },
    "symfony/validator": {
        "version": "5.4",
        "recipe": {
            "repo": "github.com/symfony/recipes",
            "branch": "master",
            "version": "5.3",
            "ref": "c32cfd98f714894c4f128bb99aa2530c1227603c"
        },
        "files": [
            "config/packages/validator.yaml"
        ]
    },
    "symfony/var-dumper": {
        "version": "v4.4.18"
    },
    "symfony/var-exporter": {
        "version": "v4.4.18"
    },
    "symfony/web-link": {
        "version": "v4.4.18"
    },
    "symfony/web-profiler-bundle": {
        "version": "5.4",
        "recipe": {
            "repo": "github.com/symfony/recipes",
            "branch": "master",
            "version": "5.3",
            "ref": "24bbc3d84ef2f427f82104f766014e799eefcc3e"
        },
        "files": [
            "config/packages/web_profiler.yaml",
            "config/routes/web_profiler.yaml"
        ]
    },
    "symfony/webpack-encore-bundle": {
        "version": "1.17",
        "recipe": {
            "repo": "github.com/symfony/recipes",
            "branch": "main",
            "version": "1.10",
            "ref": "eff2e505d4557c967b6710fe06bd947ba555cae5"
        },
        "files": [
            "assets/app.js",
            "assets/bootstrap.js",
            "assets/controllers.json",
            "assets/controllers/hello_controller.js",
            "assets/styles/app.css",
            "config/packages/webpack_encore.yaml",
            "package.json",
            "webpack.config.js"
        ]
    },
    "symfony/yaml": {
        "version": "v4.4.18"
    },
    "twig/extra-bundle": {
        "version": "v3.1.1"
    },
    "twig/twig": {
        "version": "v3.1.1"
    },
    "webmozart/assert": {
        "version": "1.9.1"
    },
    "zircote/swagger-php": {
        "version": "3.1.0"
    }
}
